
Microsoft Visual Studio Solution File, Format Version 12.00
# Visual Studio Version 17
VisualStudioVersion = 17.8.34330.188
MinimumVisualStudioVersion = 10.0.40219.1
Project("{9A19103F-16F7-4668-BE54-9A1E7A4F7556}") = "Coding.Blog", "Coding.Blog\Coding.Blog\Coding.Blog.csproj", "{6BEE17EE-1584-4A43-B86B-DF5CC807AF53}"
EndProject
Project("{9A19103F-16F7-4668-BE54-9A1E7A4F7556}") = "Coding.Blog.Client", "Coding.Blog\Coding.Blog.Client\Coding.Blog.Client.csproj", "{D7857093-E0FA-4668-A695-D016021DF733}"
EndProject
Project("{9A19103F-16F7-4668-BE54-9A1E7A4F7556}") = "Coding.Blog.Library", "Coding.Blog\Coding.Blog.Library\Coding.Blog.Library.csproj", "{08B50183-D421-45D9-9E4A-AEFD18F0C9AA}"
EndProject
Project("{9A19103F-16F7-4668-BE54-9A1E7A4F7556}") = "Coding.Blog.Tests", "..\tests\Coding.Blog.Tests\Coding.Blog.Tests.csproj", "{04CC7737-13B1-4758-8E0B-18191094C28D}"
EndProject
Project("{2150E333-8FDC-42A3-9474-1A3956D46DE8}") = "k8s", "k8s", "{73B72A50-D91A-402D-8B04-472972A53488}"
	ProjectSection(SolutionItems) = preProject
		backend-config.yaml = backend-config.yaml
		..\k8s\deployment.yaml = ..\k8s\deployment.yaml
		..\k8s\ingress.yaml = ..\k8s\ingress.yaml
		..\k8s\service.yaml = ..\k8s\service.yaml
	EndProjectSection
EndProject
Global
	GlobalSection(SolutionConfigurationPlatforms) = preSolution
		Debug|Any CPU = Debug|Any CPU
		Release|Any CPU = Release|Any CPU
	EndGlobalSection
	GlobalSection(ProjectConfigurationPlatforms) = postSolution
		{6BEE17EE-1584-4A43-B86B-DF5CC807AF53}.Debug|Any CPU.ActiveCfg = Debug|Any CPU
		{6BEE17EE-1584-4A43-B86B-DF5CC807AF53}.Debug|Any CPU.Build.0 = Debug|Any CPU
		{6BEE17EE-1584-4A43-B86B-DF5CC807AF53}.Release|Any CPU.ActiveCfg = Release|Any CPU
		{6BEE17EE-1584-4A43-B86B-DF5CC807AF53}.Release|Any CPU.Build.0 = Release|Any CPU
		{D7857093-E0FA-4668-A695-D016021DF733}.Debug|Any CPU.ActiveCfg = Debug|Any CPU
		{D7857093-E0FA-4668-A695-D016021DF733}.Debug|Any CPU.Build.0 = Debug|Any CPU
		{D7857093-E0FA-4668-A695-D016021DF733}.Release|Any CPU.ActiveCfg = Release|Any CPU
		{D7857093-E0FA-4668-A695-D016021DF733}.Release|Any CPU.Build.0 = Release|Any CPU
		{08B50183-D421-45D9-9E4A-AEFD18F0C9AA}.Debug|Any CPU.ActiveCfg = Debug|Any CPU
		{08B50183-D421-45D9-9E4A-AEFD18F0C9AA}.Debug|Any CPU.Build.0 = Debug|Any CPU
		{08B50183-D421-45D9-9E4A-AEFD18F0C9AA}.Release|Any CPU.ActiveCfg = Release|Any CPU
		{08B50183-D421-45D9-9E4A-AEFD18F0C9AA}.Release|Any CPU.Build.0 = Release|Any CPU
		{04CC7737-13B1-4758-8E0B-18191094C28D}.Debug|Any CPU.ActiveCfg = Debug|Any CPU
		{04CC7737-13B1-4758-8E0B-18191094C28D}.Debug|Any CPU.Build.0 = Debug|Any CPU
		{04CC7737-13B1-4758-8E0B-18191094C28D}.Release|Any CPU.ActiveCfg = Release|Any CPU
		{04CC7737-13B1-4758-8E0B-18191094C28D}.Release|Any CPU.Build.0 = Release|Any CPU
	EndGlobalSection
	GlobalSection(SolutionProperties) = preSolution
		HideSolutionNode = FALSE
	EndGlobalSection
	GlobalSection(ExtensibilityGlobals) = postSolution
		SolutionGuid = {0C16D491-13D5-468E-A588-3A06AC075083}
	EndGlobalSection
EndGlobal
