
Microsoft Visual Studio Solution File, Format Version 12.00
# Visual Studio Version 17
VisualStudioVersion = 17.8.34330.188
MinimumVisualStudioVersion = 10.0.40219.1
Project("{9A19103F-16F7-4668-BE54-9A1E7A4F7556}") = "Coding.Blog", "Coding.Blog\Coding.Blog\Coding.Blog.csproj", "{6BEE17EE-1584-4A43-B86B-DF5CC807AF53}"
EndProject
Project("{9A19103F-16F7-4668-BE54-9A1E7A4F7556}") = "Coding.Blog.Client", "Coding.Blog\Coding.Blog.Client\Coding.Blog.Client.csproj", "{D7857093-E0FA-4668-A695-D016021DF733}"
EndProject
Project("{9A19103F-16F7-4668-BE54-9A1E7A4F7556}") = "Coding.Blog.Shared", "Coding.Blog\Coding.Blog.Shared\Coding.Blog.Shared.csproj", "{B000EC69-8090-4065-85A7-8333DB223000}"
EndProject
Project("{2150E333-8FDC-42A3-9474-1A3956D46DE8}") = "K8s", "K8s", "{F1F394CD-67B8-42BE-888E-B786B77BA224}"
	ProjectSection(SolutionItems) = preProject
		K8s\deployment.yaml = K8s\deployment.yaml
		K8s\ingress.yaml = K8s\ingress.yaml
		K8s\service.yaml = K8s\service.yaml
	EndProjectSection
EndProject
Global
	GlobalSection(SolutionConfigurationPlatforms) = preSolution
		Debug|Any CPU = Debug|Any CPU
		Release|Any CPU = Release|Any CPU
	EndGlobalSection
	GlobalSection(ProjectConfigurationPlatforms) = postSolution
		{6BEE17EE-1584-4A43-B86B-DF5CC807AF53}.Debug|Any CPU.ActiveCfg = Debug|Any CPU
		{6BEE17EE-1584-4A43-B86B-DF5CC807AF53}.Debug|Any CPU.Build.0 = Debug|Any CPU
		{6BEE17EE-1584-4A43-B86B-DF5CC807AF53}.Release|Any CPU.ActiveCfg = Release|Any CPU
		{6BEE17EE-1584-4A43-B86B-DF5CC807AF53}.Release|Any CPU.Build.0 = Release|Any CPU
		{D7857093-E0FA-4668-A695-D016021DF733}.Debug|Any CPU.ActiveCfg = Debug|Any CPU
		{D7857093-E0FA-4668-A695-D016021DF733}.Debug|Any CPU.Build.0 = Debug|Any CPU
		{D7857093-E0FA-4668-A695-D016021DF733}.Release|Any CPU.ActiveCfg = Release|Any CPU
		{D7857093-E0FA-4668-A695-D016021DF733}.Release|Any CPU.Build.0 = Release|Any CPU
		{B000EC69-8090-4065-85A7-8333DB223000}.Debug|Any CPU.ActiveCfg = Debug|Any CPU
		{B000EC69-8090-4065-85A7-8333DB223000}.Debug|Any CPU.Build.0 = Debug|Any CPU
		{B000EC69-8090-4065-85A7-8333DB223000}.Release|Any CPU.ActiveCfg = Release|Any CPU
		{B000EC69-8090-4065-85A7-8333DB223000}.Release|Any CPU.Build.0 = Release|Any CPU
	EndGlobalSection
	GlobalSection(SolutionProperties) = preSolution
		HideSolutionNode = FALSE
	EndGlobalSection
	GlobalSection(ExtensibilityGlobals) = postSolution
		SolutionGuid = {0C16D491-13D5-468E-A588-3A06AC075083}
	EndGlobalSection
EndGlobal
