
Microsoft Visual Studio Solution File, Format Version 12.00
# Visual Studio Version 17
VisualStudioVersion = 17.0.31903.59
MinimumVisualStudioVersion = 10.0.40219.1
Project("{9A19103F-16F7-4668-BE54-9A1E7A4F7556}") = "Coding.Blog.Server", "Coding.Blog\Server\Coding.Blog.Server.csproj", "{E4B00A27-E59A-421A-8C37-5F5282277A06}"
EndProject
Project("{9A19103F-16F7-4668-BE54-9A1E7A4F7556}") = "Coding.Blog.Client", "Coding.Blog\Client\Coding.Blog.Client.csproj", "{3D3FC2D0-F282-4A02-80EB-7C5066AAA325}"
EndProject
Project("{2150E333-8FDC-42A3-9474-1A3956D46DE8}") = "K8s", "K8s", "{0CCED397-0615-4427-82AB-AB03AEDAE072}"
	ProjectSection(SolutionItems) = preProject
		K8s\deployment.yaml = K8s\deployment.yaml
		K8s\ingress.yaml = K8s\ingress.yaml
		K8s\service.yaml = K8s\service.yaml
	EndProjectSection
EndProject
Project("{9A19103F-16F7-4668-BE54-9A1E7A4F7556}") = "Coding.Blog.UnitTests", "Tests\Coding.Blog.UnitTests\Coding.Blog.UnitTests.csproj", "{907CD422-BBA8-4F1B-8DEC-94A417613FF5}"
EndProject
Project("{9A19103F-16F7-4668-BE54-9A1E7A4F7556}") = "Coding.Blog.Engine", "Coding.Blog\Engine\Coding.Blog.Engine.csproj", "{B14CB2BD-D722-4CB6-966D-3BFBD524F3AC}"
EndProject
Project("{2150E333-8FDC-42A3-9474-1A3956D46DE8}") = "Solution Items", "Solution Items", "{2D17A069-C8CB-4FBF-848D-3BACA53F442D}"
	ProjectSection(SolutionItems) = preProject
		Directory.build.props = Directory.build.props
	EndProjectSection
EndProject
Global
	GlobalSection(SolutionConfigurationPlatforms) = preSolution
		Debug|Any CPU = Debug|Any CPU
		Release|Any CPU = Release|Any CPU
	EndGlobalSection
	GlobalSection(ProjectConfigurationPlatforms) = postSolution
		{E4B00A27-E59A-421A-8C37-5F5282277A06}.Debug|Any CPU.ActiveCfg = Debug|Any CPU
		{E4B00A27-E59A-421A-8C37-5F5282277A06}.Debug|Any CPU.Build.0 = Debug|Any CPU
		{E4B00A27-E59A-421A-8C37-5F5282277A06}.Release|Any CPU.ActiveCfg = Release|Any CPU
		{E4B00A27-E59A-421A-8C37-5F5282277A06}.Release|Any CPU.Build.0 = Release|Any CPU
		{3D3FC2D0-F282-4A02-80EB-7C5066AAA325}.Debug|Any CPU.ActiveCfg = Debug|Any CPU
		{3D3FC2D0-F282-4A02-80EB-7C5066AAA325}.Debug|Any CPU.Build.0 = Debug|Any CPU
		{3D3FC2D0-F282-4A02-80EB-7C5066AAA325}.Release|Any CPU.ActiveCfg = Release|Any CPU
		{3D3FC2D0-F282-4A02-80EB-7C5066AAA325}.Release|Any CPU.Build.0 = Release|Any CPU
		{907CD422-BBA8-4F1B-8DEC-94A417613FF5}.Debug|Any CPU.ActiveCfg = Debug|Any CPU
		{907CD422-BBA8-4F1B-8DEC-94A417613FF5}.Debug|Any CPU.Build.0 = Debug|Any CPU
		{907CD422-BBA8-4F1B-8DEC-94A417613FF5}.Release|Any CPU.ActiveCfg = Release|Any CPU
		{907CD422-BBA8-4F1B-8DEC-94A417613FF5}.Release|Any CPU.Build.0 = Release|Any CPU
		{B14CB2BD-D722-4CB6-966D-3BFBD524F3AC}.Debug|Any CPU.ActiveCfg = Debug|Any CPU
		{B14CB2BD-D722-4CB6-966D-3BFBD524F3AC}.Debug|Any CPU.Build.0 = Debug|Any CPU
		{B14CB2BD-D722-4CB6-966D-3BFBD524F3AC}.Release|Any CPU.ActiveCfg = Release|Any CPU
		{B14CB2BD-D722-4CB6-966D-3BFBD524F3AC}.Release|Any CPU.Build.0 = Release|Any CPU
	EndGlobalSection
	GlobalSection(SolutionProperties) = preSolution
		HideSolutionNode = FALSE
	EndGlobalSection
	GlobalSection(ExtensibilityGlobals) = postSolution
		SolutionGuid = {537DA598-1716-45BD-8453-3D0F63E5018A}
	EndGlobalSection
EndGlobal
